// !$*UTF8*$!
{
	archiveVersion = 1;
	classes = {
	};
	objectVersion = 56;
	objects = {

/* Begin PBXBuildFile section */
		BC5BBC022AB195FF00734559 /* AppDelegate.swift in Sources */ = {isa = PBXBuildFile; fileRef = BC5BBC012AB195FF00734559 /* AppDelegate.swift */; };
		BC5BBC042AB195FF00734559 /* SceneDelegate.swift in Sources */ = {isa = PBXBuildFile; fileRef = BC5BBC032AB195FF00734559 /* SceneDelegate.swift */; };
		BC5BBC092AB195FF00734559 /* Main.storyboard in Resources */ = {isa = PBXBuildFile; fileRef = BC5BBC072AB195FF00734559 /* Main.storyboard */; };
		BC5BBC0B2AB195FF00734559 /* Assets.xcassets in Resources */ = {isa = PBXBuildFile; fileRef = BC5BBC0A2AB195FF00734559 /* Assets.xcassets */; };
		BC5BBC0E2AB195FF00734559 /* LaunchScreen.storyboard in Resources */ = {isa = PBXBuildFile; fileRef = BC5BBC0C2AB195FF00734559 /* LaunchScreen.storyboard */; };
		BC5BBC192AB1A12D00734559 /* Person.swift in Sources */ = {isa = PBXBuildFile; fileRef = BC5BBC182AB1A12D00734559 /* Person.swift */; };
		BC5BBC272AB22F1700734559 /* PersonalData.swift in Sources */ = {isa = PBXBuildFile; fileRef = BC5BBC262AB22F1700734559 /* PersonalData.swift */; };
		BC5BBC332AB31B7D00734559 /* PersonTableVC.swift in Sources */ = {isa = PBXBuildFile; fileRef = BC5BBC322AB31B7D00734559 /* PersonTableVC.swift */; };
		BC5BBC352AB31B9400734559 /* InfoTableVC.swift in Sources */ = {isa = PBXBuildFile; fileRef = BC5BBC342AB31B9400734559 /* InfoTableVC.swift */; };
		BC5BBC372AB47B1600734559 /* UserDataVC.swift in Sources */ = {isa = PBXBuildFile; fileRef = BC5BBC362AB47B1600734559 /* UserDataVC.swift */; };
/* End PBXBuildFile section */

/* Begin PBXFileReference section */
		BC5BBBFE2AB195FF00734559 /* TableApp.app */ = {isa = PBXFileReference; explicitFileType = wrapper.application; includeInIndex = 0; path = TableApp.app; sourceTree = BUILT_PRODUCTS_DIR; };
		BC5BBC012AB195FF00734559 /* AppDelegate.swift */ = {isa = PBXFileReference; lastKnownFileType = sourcecode.swift; path = AppDelegate.swift; sourceTree = "<group>"; };
		BC5BBC032AB195FF00734559 /* SceneDelegate.swift */ = {isa = PBXFileReference; lastKnownFileType = sourcecode.swift; path = SceneDelegate.swift; sourceTree = "<group>"; };
		BC5BBC082AB195FF00734559 /* Base */ = {isa = PBXFileReference; lastKnownFileType = file.storyboard; name = Base; path = Base.lproj/Main.storyboard; sourceTree = "<group>"; };
		BC5BBC0A2AB195FF00734559 /* Assets.xcassets */ = {isa = PBXFileReference; lastKnownFileType = folder.assetcatalog; path = Assets.xcassets; sourceTree = "<group>"; };
		BC5BBC0D2AB195FF00734559 /* Base */ = {isa = PBXFileReference; lastKnownFileType = file.storyboard; name = Base; path = Base.lproj/LaunchScreen.storyboard; sourceTree = "<group>"; };
		BC5BBC0F2AB195FF00734559 /* Info.plist */ = {isa = PBXFileReference; lastKnownFileType = text.plist.xml; path = Info.plist; sourceTree = "<group>"; };
		BC5BBC182AB1A12D00734559 /* Person.swift */ = {isa = PBXFileReference; lastKnownFileType = sourcecode.swift; path = Person.swift; sourceTree = "<group>"; };
		BC5BBC262AB22F1700734559 /* PersonalData.swift */ = {isa = PBXFileReference; lastKnownFileType = sourcecode.swift; path = PersonalData.swift; sourceTree = "<group>"; };
		BC5BBC322AB31B7D00734559 /* PersonTableVC.swift */ = {isa = PBXFileReference; lastKnownFileType = sourcecode.swift; path = PersonTableVC.swift; sourceTree = "<group>"; };
		BC5BBC342AB31B9400734559 /* InfoTableVC.swift */ = {isa = PBXFileReference; lastKnownFileType = sourcecode.swift; path = InfoTableVC.swift; sourceTree = "<group>"; };
		BC5BBC362AB47B1600734559 /* UserDataVC.swift */ = {isa = PBXFileReference; lastKnownFileType = sourcecode.swift; path = UserDataVC.swift; sourceTree = "<group>"; };
/* End PBXFileReference section */

/* Begin PBXFrameworksBuildPhase section */
		BC5BBBFB2AB195FF00734559 /* Frameworks */ = {
			isa = PBXFrameworksBuildPhase;
			buildActionMask = 2147483647;
			files = (
			);
			runOnlyForDeploymentPostprocessing = 0;
		};
/* End PBXFrameworksBuildPhase section */

/* Begin PBXGroup section */
		BC5BBBF52AB195FF00734559 = {
			isa = PBXGroup;
			children = (
				BC5BBC002AB195FF00734559 /* TableApp */,
				BC5BBBFF2AB195FF00734559 /* Products */,
			);
			sourceTree = "<group>";
		};
		BC5BBBFF2AB195FF00734559 /* Products */ = {
			isa = PBXGroup;
			children = (
				BC5BBBFE2AB195FF00734559 /* TableApp.app */,
			);
			name = Products;
			sourceTree = "<group>";
		};
		BC5BBC002AB195FF00734559 /* TableApp */ = {
			isa = PBXGroup;
			children = (
				BC5BBC252AB22E9100734559 /* Servies */,
				BC5BBC1A2AB1A13800734559 /* Models */,
				BC5BBC162AB1966B00734559 /* Controller */,
				BC5BBC172AB1968100734559 /* MainStoryboard */,
				BC5BBC0F2AB195FF00734559 /* Info.plist */,
				BC5BBC152AB1962E00734559 /* AppDelegate */,
			);
			path = TableApp;
			sourceTree = "<group>";
		};
		BC5BBC152AB1962E00734559 /* AppDelegate */ = {
			isa = PBXGroup;
			children = (
				BC5BBC0A2AB195FF00734559 /* Assets.xcassets */,
				BC5BBC012AB195FF00734559 /* AppDelegate.swift */,
				BC5BBC032AB195FF00734559 /* SceneDelegate.swift */,
			);
			path = AppDelegate;
			sourceTree = "<group>";
		};
		BC5BBC162AB1966B00734559 /* Controller */ = {
			isa = PBXGroup;
			children = (
				BC5BBC322AB31B7D00734559 /* PersonTableVC.swift */,
				BC5BBC342AB31B9400734559 /* InfoTableVC.swift */,
				BC5BBC362AB47B1600734559 /* UserDataVC.swift */,
			);
			path = Controller;
			sourceTree = "<group>";
		};
		BC5BBC172AB1968100734559 /* MainStoryboard */ = {
			isa = PBXGroup;
			children = (
				BC5BBC072AB195FF00734559 /* Main.storyboard */,
				BC5BBC0C2AB195FF00734559 /* LaunchScreen.storyboard */,
			);
			path = MainStoryboard;
			sourceTree = "<group>";
		};
		BC5BBC1A2AB1A13800734559 /* Models */ = {
			isa = PBXGroup;
			children = (
				BC5BBC182AB1A12D00734559 /* Person.swift */,
			);
			path = Models;
			sourceTree = "<group>";
		};
		BC5BBC252AB22E9100734559 /* Servies */ = {
			isa = PBXGroup;
			children = (
				BC5BBC262AB22F1700734559 /* PersonalData.swift */,
			);
			path = Servies;
			sourceTree = "<group>";
		};
/* End PBXGroup section */

/* Begin PBXNativeTarget section */
		BC5BBBFD2AB195FF00734559 /* TableApp */ = {
			isa = PBXNativeTarget;
			buildConfigurationList = BC5BBC122AB195FF00734559 /* Build configuration list for PBXNativeTarget "TableApp" */;
			buildPhases = (
				BC5BBBFA2AB195FF00734559 /* Sources */,
				BC5BBBFB2AB195FF00734559 /* Frameworks */,
				BC5BBBFC2AB195FF00734559 /* Resources */,
			);
			buildRules = (
			);
			dependencies = (
			);
			name = TableApp;
			productName = TableApp;
			productReference = BC5BBBFE2AB195FF00734559 /* TableApp.app */;
			productType = "com.apple.product-type.application";
		};
/* End PBXNativeTarget section */

/* Begin PBXProject section */
		BC5BBBF62AB195FF00734559 /* Project object */ = {
			isa = PBXProject;
			attributes = {
				BuildIndependentTargetsInParallel = 1;
				LastSwiftUpdateCheck = 1430;
				LastUpgradeCheck = 1430;
				TargetAttributes = {
					BC5BBBFD2AB195FF00734559 = {
						CreatedOnToolsVersion = 14.3.1;
					};
				};
			};
			buildConfigurationList = BC5BBBF92AB195FF00734559 /* Build configuration list for PBXProject "TableApp" */;
			compatibilityVersion = "Xcode 14.0";
			developmentRegion = en;
			hasScannedForEncodings = 0;
			knownRegions = (
				en,
				Base,
			);
			mainGroup = BC5BBBF52AB195FF00734559;
			productRefGroup = BC5BBBFF2AB195FF00734559 /* Products */;
			projectDirPath = "";
			projectRoot = "";
			targets = (
				BC5BBBFD2AB195FF00734559 /* TableApp */,
			);
		};
/* End PBXProject section */

/* Begin PBXResourcesBuildPhase section */
		BC5BBBFC2AB195FF00734559 /* Resources */ = {
			isa = PBXResourcesBuildPhase;
			buildActionMask = 2147483647;
			files = (
				BC5BBC0E2AB195FF00734559 /* LaunchScreen.storyboard in Resources */,
				BC5BBC0B2AB195FF00734559 /* Assets.xcassets in Resources */,
				BC5BBC092AB195FF00734559 /* Main.storyboard in Resources */,
			);
			runOnlyForDeploymentPostprocessing = 0;
		};
/* End PBXResourcesBuildPhase section */

/* Begin PBXSourcesBuildPhase section */
		BC5BBBFA2AB195FF00734559 /* Sources */ = {
			isa = PBXSourcesBuildPhase;
			buildActionMask = 2147483647;
			files = (
				BC5BBC372AB47B1600734559 /* UserDataVC.swift in Sources */,
				BC5BBC332AB31B7D00734559 /* PersonTableVC.swift in Sources */,
				BC5BBC022AB195FF00734559 /* AppDelegate.swift in Sources */,
				BC5BBC192AB1A12D00734559 /* Person.swift in Sources */,
				BC5BBC352AB31B9400734559 /* InfoTableVC.swift in Sources */,
				BC5BBC042AB195FF00734559 /* SceneDelegate.swift in Sources */,
				BC5BBC272AB22F1700734559 /* PersonalData.swift in Sources */,
			);
			runOnlyForDeploymentPostprocessing = 0;
		};
/* End PBXSourcesBuildPhase section */

/* Begin PBXVariantGroup section */
		BC5BBC072AB195FF00734559 /* Main.storyboard */ = {
			isa = PBXVariantGroup;
			children = (
				BC5BBC082AB195FF00734559 /* Base */,
			);
			name = Main.storyboard;
			sourceTree = "<group>";
		};
		BC5BBC0C2AB195FF00734559 /* LaunchScreen.storyboard */ = {
			isa = PBXVariantGroup;
			children = (
				BC5BBC0D2AB195FF00734559 /* Base */,
			);
			name = LaunchScreen.storyboard;
			sourceTree = "<group>";
		};
/* End PBXVariantGroup section */

/* Begin XCBuildConfiguration section */
		BC5BBC102AB195FF00734559 /* Debug */ = {
			isa = XCBuildConfiguration;
			buildSettings = {
				ALWAYS_SEARCH_USER_PATHS = NO;
				CLANG_ANALYZER_NONNULL = YES;
				CLANG_ANALYZER_NUMBER_OBJECT_CONVERSION = YES_AGGRESSIVE;
				CLANG_CXX_LANGUAGE_STANDARD = "gnu++20";
				CLANG_ENABLE_MODULES = YES;
				CLANG_ENABLE_OBJC_ARC = YES;
				CLANG_ENABLE_OBJC_WEAK = YES;
				CLANG_WARN_BLOCK_CAPTURE_AUTORELEASING = YES;
				CLANG_WARN_BOOL_CONVERSION = YES;
				CLANG_WARN_COMMA = YES;
				CLANG_WARN_CONSTANT_CONVERSION = YES;
				CLANG_WARN_DEPRECATED_OBJC_IMPLEMENTATIONS = YES;
				CLANG_WARN_DIRECT_OBJC_ISA_USAGE = YES_ERROR;
				CLANG_WARN_DOCUMENTATION_COMMENTS = YES;
				CLANG_WARN_EMPTY_BODY = YES;
				CLANG_WARN_ENUM_CONVERSION = YES;
				CLANG_WARN_INFINITE_RECURSION = YES;
				CLANG_WARN_INT_CONVERSION = YES;
				CLANG_WARN_NON_LITERAL_NULL_CONVERSION = YES;
				CLANG_WARN_OBJC_IMPLICIT_RETAIN_SELF = YES;
				CLANG_WARN_OBJC_LITERAL_CONVERSION = YES;
				CLANG_WARN_OBJC_ROOT_CLASS = YES_ERROR;
				CLANG_WARN_QUOTED_INCLUDE_IN_FRAMEWORK_HEADER = YES;
				CLANG_WARN_RANGE_LOOP_ANALYSIS = YES;
				CLANG_WARN_STRICT_PROTOTYPES = YES;
				CLANG_WARN_SUSPICIOUS_MOVE = YES;
				CLANG_WARN_UNGUARDED_AVAILABILITY = YES_AGGRESSIVE;
				CLANG_WARN_UNREACHABLE_CODE = YES;
				CLANG_WARN__DUPLICATE_METHOD_MATCH = YES;
				COPY_PHASE_STRIP = NO;
				DEBUG_INFORMATION_FORMAT = dwarf;
				ENABLE_STRICT_OBJC_MSGSEND = YES;
				ENABLE_TESTABILITY = YES;
				GCC_C_LANGUAGE_STANDARD = gnu11;
				GCC_DYNAMIC_NO_PIC = NO;
				GCC_NO_COMMON_BLOCKS = YES;
				GCC_OPTIMIZATION_LEVEL = 0;
				GCC_PREPROCESSOR_DEFINITIONS = (
					"DEBUG=1",
					"$(inherited)",
				);
				GCC_WARN_64_TO_32_BIT_CONVERSION = YES;
				GCC_WARN_ABOUT_RETURN_TYPE = YES_ERROR;
				GCC_WARN_UNDECLARED_SELECTOR = YES;
				GCC_WARN_UNINITIALIZED_AUTOS = YES_AGGRESSIVE;
				GCC_WARN_UNUSED_FUNCTION = YES;
				GCC_WARN_UNUSED_VARIABLE = YES;
				IPHONEOS_DEPLOYMENT_TARGET = 16.4;
				MTL_ENABLE_DEBUG_INFO = INCLUDE_SOURCE;
				MTL_FAST_MATH = YES;
				ONLY_ACTIVE_ARCH = YES;
				SDKROOT = iphoneos;
				SWIFT_ACTIVE_COMPILATION_CONDITIONS = DEBUG;
				SWIFT_OPTIMIZATION_LEVEL = "-Onone";
			};
			name = Debug;
		};
		BC5BBC112AB195FF00734559 /* Release */ = {
			isa = XCBuildConfiguration;
			buildSettings = {
				ALWAYS_SEARCH_USER_PATHS = NO;
				CLANG_ANALYZER_NONNULL = YES;
				CLANG_ANALYZER_NUMBER_OBJECT_CONVERSION = YES_AGGRESSIVE;
				CLANG_CXX_LANGUAGE_STANDARD = "gnu++20";
				CLANG_ENABLE_MODULES = YES;
				CLANG_ENABLE_OBJC_ARC = YES;
				CLANG_ENABLE_OBJC_WEAK = YES;
				CLANG_WARN_BLOCK_CAPTURE_AUTORELEASING = YES;
				CLANG_WARN_BOOL_CONVERSION = YES;
				CLANG_WARN_COMMA = YES;
				CLANG_WARN_CONSTANT_CONVERSION = YES;
				CLANG_WARN_DEPRECATED_OBJC_IMPLEMENTATIONS = YES;
				CLANG_WARN_DIRECT_OBJC_ISA_USAGE = YES_ERROR;
				CLANG_WARN_DOCUMENTATION_COMMENTS = YES;
				CLANG_WARN_EMPTY_BODY = YES;
				CLANG_WARN_ENUM_CONVERSION = YES;
				CLANG_WARN_INFINITE_RECURSION = YES;
				CLANG_WARN_INT_CONVERSION = YES;
				CLANG_WARN_NON_LITERAL_NULL_CONVERSION = YES;
				CLANG_WARN_OBJC_IMPLICIT_RETAIN_SELF = YES;
				CLANG_WARN_OBJC_LITERAL_CONVERSION = YES;
				CLANG_WARN_OBJC_ROOT_CLASS = YES_ERROR;
				CLANG_WARN_QUOTED_INCLUDE_IN_FRAMEWORK_HEADER = YES;
				CLANG_WARN_RANGE_LOOP_ANALYSIS = YES;
				CLANG_WARN_STRICT_PROTOTYPES = YES;
				CLANG_WARN_SUSPICIOUS_MOVE = YES;
				CLANG_WARN_UNGUARDED_AVAILABILITY = YES_AGGRESSIVE;
				CLANG_WARN_UNREACHABLE_CODE = YES;
				CLANG_WARN__DUPLICATE_METHOD_MATCH = YES;
				COPY_PHASE_STRIP = NO;
				DEBUG_INFORMATION_FORMAT = "dwarf-with-dsym";
				ENABLE_NS_ASSERTIONS = NO;
				ENABLE_STRICT_OBJC_MSGSEND = YES;
				GCC_C_LANGUAGE_STANDARD = gnu11;
				GCC_NO_COMMON_BLOCKS = YES;
				GCC_WARN_64_TO_32_BIT_CONVERSION = YES;
				GCC_WARN_ABOUT_RETURN_TYPE = YES_ERROR;
				GCC_WARN_UNDECLARED_SELECTOR = YES;
				GCC_WARN_UNINITIALIZED_AUTOS = YES_AGGRESSIVE;
				GCC_WARN_UNUSED_FUNCTION = YES;
				GCC_WARN_UNUSED_VARIABLE = YES;
				IPHONEOS_DEPLOYMENT_TARGET = 16.4;
				MTL_ENABLE_DEBUG_INFO = NO;
				MTL_FAST_MATH = YES;
				SDKROOT = iphoneos;
				SWIFT_COMPILATION_MODE = wholemodule;
				SWIFT_OPTIMIZATION_LEVEL = "-O";
				VALIDATE_PRODUCT = YES;
			};
			name = Release;
		};
		BC5BBC132AB195FF00734559 /* Debug */ = {
			isa = XCBuildConfiguration;
			buildSettings = {
				ASSETCATALOG_COMPILER_APPICON_NAME = AppIcon;
				ASSETCATALOG_COMPILER_GLOBAL_ACCENT_COLOR_NAME = AccentColor;
				CODE_SIGN_STYLE = Automatic;
				CURRENT_PROJECT_VERSION = 1;
				DEVELOPMENT_TEAM = Y5C952D945;
				GENERATE_INFOPLIST_FILE = YES;
				INFOPLIST_FILE = TableApp/Info.plist;
				INFOPLIST_KEY_UIApplicationSupportsIndirectInputEvents = YES;
				INFOPLIST_KEY_UILaunchStoryboardName = LaunchScreen;
				INFOPLIST_KEY_UIMainStoryboardFile = Main;
				INFOPLIST_KEY_UISupportedInterfaceOrientations_iPad = "UIInterfaceOrientationPortrait UIInterfaceOrientationPortraitUpsideDown UIInterfaceOrientationLandscapeLeft UIInterfaceOrientationLandscapeRight";
				INFOPLIST_KEY_UISupportedInterfaceOrientations_iPhone = "UIInterfaceOrientationPortrait UIInterfaceOrientationLandscapeLeft UIInterfaceOrientationLandscapeRight";
				LD_RUNPATH_SEARCH_PATHS = (
					"$(inherited)",
					"@executable_path/Frameworks",
				);
				MARKETING_VERSION = 1.0;
				PRODUCT_BUNDLE_IDENTIFIER = by.hw11.TableApp;
				PRODUCT_NAME = "$(TARGET_NAME)";
				SWIFT_EMIT_LOC_STRINGS = YES;
				SWIFT_VERSION = 5.0;
				TARGETED_DEVICE_FAMILY = "1,2";
			};
			name = Debug;
		};
		BC5BBC142AB195FF00734559 /* Release */ = {
			isa = XCBuildConfiguration;
			buildSettings = {
				ASSETCATALOG_COMPILER_APPICON_NAME = AppIcon;
				ASSETCATALOG_COMPILER_GLOBAL_ACCENT_COLOR_NAME = AccentColor;
				CODE_SIGN_STYLE = Automatic;
				CURRENT_PROJECT_VERSION = 1;
				DEVELOPMENT_TEAM = Y5C952D945;
				GENERATE_INFOPLIST_FILE = YES;
				INFOPLIST_FILE = TableApp/Info.plist;
				INFOPLIST_KEY_UIApplicationSupportsIndirectInputEvents = YES;
				INFOPLIST_KEY_UILaunchStoryboardName = LaunchScreen;
				INFOPLIST_KEY_UIMainStoryboardFile = Main;
				INFOPLIST_KEY_UISupportedInterfaceOrientations_iPad = "UIInterfaceOrientationPortrait UIInterfaceOrientationPortraitUpsideDown UIInterfaceOrientationLandscapeLeft UIInterfaceOrientationLandscapeRight";
				INFOPLIST_KEY_UISupportedInterfaceOrientations_iPhone = "UIInterfaceOrientationPortrait UIInterfaceOrientationLandscapeLeft UIInterfaceOrientationLandscapeRight";
				LD_RUNPATH_SEARCH_PATHS = (
					"$(inherited)",
					"@executable_path/Frameworks",
				);
				MARKETING_VERSION = 1.0;
				PRODUCT_BUNDLE_IDENTIFIER = by.hw11.TableApp;
				PRODUCT_NAME = "$(TARGET_NAME)";
				SWIFT_EMIT_LOC_STRINGS = YES;
				SWIFT_VERSION = 5.0;
				TARGETED_DEVICE_FAMILY = "1,2";
			};
			name = Release;
		};
/* End XCBuildConfiguration section */

/* Begin XCConfigurationList section */
		BC5BBBF92AB195FF00734559 /* Build configuration list for PBXProject "TableApp" */ = {
			isa = XCConfigurationList;
			buildConfigurations = (
				BC5BBC102AB195FF00734559 /* Debug */,
				BC5BBC112AB195FF00734559 /* Release */,
			);
			defaultConfigurationIsVisible = 0;
			defaultConfigurationName = Release;
		};
		BC5BBC122AB195FF00734559 /* Build configuration list for PBXNativeTarget "TableApp" */ = {
			isa = XCConfigurationList;
			buildConfigurations = (
				BC5BBC132AB195FF00734559 /* Debug */,
				BC5BBC142AB195FF00734559 /* Release */,
			);
			defaultConfigurationIsVisible = 0;
			defaultConfigurationName = Release;
		};
/* End XCConfigurationList section */
	};
	rootObject = BC5BBBF62AB195FF00734559 /* Project object */;
}
